
Microsoft Visual Studio Solution File, Format Version 12.00
# Visual Studio 15
VisualStudioVersion = 15.0.28307.329
MinimumVisualStudioVersion = 10.0.40219.1
Project("{8BC9CEB8-8B4A-11D0-8D11-00A0C91BC942}") = "9mergeSorted", "9mergeSorted\9mergeSorted.vcxproj", "{0362ED09-4AEF-43B9-92AF-F7AC025F5AD1}"
EndProject
Global
	GlobalSection(SolutionConfigurationPlatforms) = preSolution
		Debug|x64 = Debug|x64
		Debug|x86 = Debug|x86
		Release|x64 = Release|x64
		Release|x86 = Release|x86
	EndGlobalSection
	GlobalSection(ProjectConfigurationPlatforms) = postSolution
		{0362ED09-4AEF-43B9-92AF-F7AC025F5AD1}.Debug|x64.ActiveCfg = Debug|x64
		{0362ED09-4AEF-43B9-92AF-F7AC025F5AD1}.Debug|x64.Build.0 = Debug|x64
		{0362ED09-4AEF-43B9-92AF-F7AC025F5AD1}.Debug|x86.ActiveCfg = Debug|Win32
		{0362ED09-4AEF-43B9-92AF-F7AC025F5AD1}.Debug|x86.Build.0 = Debug|Win32
		{0362ED09-4AEF-43B9-92AF-F7AC025F5AD1}.Release|x64.ActiveCfg = Release|x64
		{0362ED09-4AEF-43B9-92AF-F7AC025F5AD1}.Release|x64.Build.0 = Release|x64
		{0362ED09-4AEF-43B9-92AF-F7AC025F5AD1}.Release|x86.ActiveCfg = Release|Win32
		{0362ED09-4AEF-43B9-92AF-F7AC025F5AD1}.Release|x86.Build.0 = Release|Win32
	EndGlobalSection
	GlobalSection(SolutionProperties) = preSolution
		HideSolutionNode = FALSE
	EndGlobalSection
	GlobalSection(ExtensibilityGlobals) = postSolution
		SolutionGuid = {D6766E37-855D-4648-A3E8-FB700B6C89F7}
	EndGlobalSection
EndGlobal
